{
  "name": "hearing-test",
  "lockfileVersion": 2,
  "requires": true,
  "packages": {
    "": {
      "dependencies": {
        "audio-context": "^1.0.3"
      }
    },
    "node_modules/audio-context": {
      "version": "1.0.3",
      "resolved": "https://registry.npmjs.org/audio-context/-/audio-context-1.0.3.tgz",
      "integrity": "sha512-RH3/rM74f2ITlohhjgC7oYZVS97wtv/SEjXLCzEinnrIPIDxc39m2aFc6wmdkM0NYRKo1DMleYPMAIbnTRW0eA=="
    }
  },
  "dependencies": {
    "audio-context": {
      "version": "1.0.3",
      "resolved": "https://registry.npmjs.org/audio-context/-/audio-context-1.0.3.tgz",
      "integrity": "sha512-RH3/rM74f2ITlohhjgC7oYZVS97wtv/SEjXLCzEinnrIPIDxc39m2aFc6wmdkM0NYRKo1DMleYPMAIbnTRW0eA=="
    }
  }
}
